
Microsoft Visual Studio Solution File, Format Version 12.00
# Visual Studio 14
VisualStudioVersion = 14.0.23107.0
MinimumVisualStudioVersion = 10.0.40219.1
Project("{FAE04EC0-301F-11D3-BF4B-00C04F79EFBC}") = "WorkBench", "WorkBench\WorkBench.csproj", "{F9140CDC-55D8-41DD-A95F-92EECC5E1D15}"
EndProject
Global
	GlobalSection(SolutionConfigurationPlatforms) = preSolution
		Debug|Any CPU = Debug|Any CPU
		Release|Any CPU = Release|Any CPU
	EndGlobalSection
	GlobalSection(ProjectConfigurationPlatforms) = postSolution
		{F9140CDC-55D8-41DD-A95F-92EECC5E1D15}.Debug|Any CPU.ActiveCfg = Debug|Any CPU
		{F9140CDC-55D8-41DD-A95F-92EECC5E1D15}.Debug|Any CPU.Build.0 = Debug|Any CPU
		{F9140CDC-55D8-41DD-A95F-92EECC5E1D15}.Release|Any CPU.ActiveCfg = Release|Any CPU
		{F9140CDC-55D8-41DD-A95F-92EECC5E1D15}.Release|Any CPU.Build.0 = Release|Any CPU
	EndGlobalSection
	GlobalSection(SolutionProperties) = preSolution
		HideSolutionNode = FALSE
	EndGlobalSection
EndGlobal
